
Microsoft Visual Studio Solution File, Format Version 12.00
# Visual Studio Version 16
VisualStudioVersion = 16.0.28407.52
MinimumVisualStudioVersion = 10.0.40219.1
Project("{2150E333-8FDC-42A3-9474-1A3956D46DE8}") = "Solution Items", "Solution Items", "{33ED0B06-F18D-48CA-8493-39F1F319567D}"
	ProjectSection(SolutionItems) = preProject
		readme.md = readme.md
	EndProjectSection
EndProject
Project("{2150E333-8FDC-42A3-9474-1A3956D46DE8}") = "for_pipelinemodule", "for_pipelinemodule", "{A95C0306-4D5C-4593-8B85-C2708E07467E}"
EndProject
Project("{9A19103F-16F7-4668-BE54-9A1E7A4F7556}") = "allpet.node.cli", "allpet.node.cli\allpet.node.cli.csproj", "{D46C7B2F-A5B7-46F2-B470-3F5A594EAF2B}"
EndProject
Project("{9A19103F-16F7-4668-BE54-9A1E7A4F7556}") = "allpet.Peer.Tcp.Interface", "allpet.peer.tcp.Interface\allpet.Peer.Tcp.Interface.csproj", "{3CE2F925-B311-4BA5-B641-43121BBAA227}"
EndProject
Project("{9A19103F-16F7-4668-BE54-9A1E7A4F7556}") = "allpet.Peer.Tcp.PeerV2", "allpet.peer.tcp.PeerV2\allpet.Peer.Tcp.PeerV2.csproj", "{736A573C-1F2E-4157-B00E-22470A278595}"
EndProject
Project("{9A19103F-16F7-4668-BE54-9A1E7A4F7556}") = "allpet.httpserver", "allpet.httpserver\allpet.httpserver.csproj", "{B05B4388-039E-4756-9942-6BFE799C9149}"
EndProject
Project("{9A19103F-16F7-4668-BE54-9A1E7A4F7556}") = "allpet.db.simple", "allpet.db.simple\allpet.db.simple.csproj", "{C29E3065-0809-4ABB-9134-BF98FD636C61}"
EndProject
Project("{9A19103F-16F7-4668-BE54-9A1E7A4F7556}") = "allpet.module.node", "allpet.node\allpet.module.node.csproj", "{7B15FEDD-1406-4B71-BF37-ADFE0F4258C1}"
EndProject
Project("{9A19103F-16F7-4668-BE54-9A1E7A4F7556}") = "allpet.cryptology", "allpet.cryptology\allpet.cryptology.csproj", "{35EE8B32-90F0-48A4-ADDC-014DA88B0FF7}"
EndProject
Project("{9A19103F-16F7-4668-BE54-9A1E7A4F7556}") = "allpet.peer.pipeline.test", "allpet.peer.pipeline.test\allpet.peer.pipeline.test.csproj", "{893245D1-4561-4DC6-B51D-E53FF9545745}"
EndProject
Project("{9A19103F-16F7-4668-BE54-9A1E7A4F7556}") = "allpet.peer.pipeline", "allpet.peer.pipeline\allpet.peer.pipeline.csproj", "{37B53F13-4C6B-4F90-9002-E9EDE0C910B5}"
EndProject
Project("{9A19103F-16F7-4668-BE54-9A1E7A4F7556}") = "allpet.db.PP", "allpet.db.PP\allpet.db.PP.csproj", "{F79385F7-506F-4247-9388-47397E406FCC}"
EndProject
Project("{9A19103F-16F7-4668-BE54-9A1E7A4F7556}") = "allpet.db.PP.test", "allpet.db.PP.test\allpet.db.PP.test.csproj", "{FD32A0DE-E7B9-4DD9-A942-D59814AE781A}"
EndProject
Project("{2150E333-8FDC-42A3-9474-1A3956D46DE8}") = "SimpleDb", "SimpleDb", "{1E8B2A67-DC94-46E5-B970-BE0FE3A0B7C2}"
EndProject
Project("{9A19103F-16F7-4668-BE54-9A1E7A4F7556}") = "SimplDb.Protocol.Sdk", "SimpleDb\SimplDb.Protocol.Sdk\SimplDb.Protocol.Sdk.csproj", "{DEFDED6A-9DDF-4FFF-BCAB-DFF773429612}"
EndProject
Project("{9A19103F-16F7-4668-BE54-9A1E7A4F7556}") = "SimpleDb.Client", "SimpleDb\SimpleDb.Client\SimpleDb.Client.csproj", "{2FD36790-A9DA-44C0-9810-52D096ABDA7B}"
EndProject
Project("{9A19103F-16F7-4668-BE54-9A1E7A4F7556}") = "SimpleDb.Server", "SimpleDb\SimpleDb.Server\SimpleDb.Server.csproj", "{0FE136E3-3A83-4122-A9E0-C2B4CF3C5133}"
EndProject
Project("{9A19103F-16F7-4668-BE54-9A1E7A4F7556}") = "allpet.msgpack.test", "allpet.msgpack.test\allpet.msgpack.test.csproj", "{21E6BCF1-B6A2-4ADC-9A22-CB46B936E7FE}"
EndProject
Project("{2150E333-8FDC-42A3-9474-1A3956D46DE8}") = "for_test", "for_test", "{19DB98B8-E6CD-4BF5-A93C-033E07158437}"
EndProject
Project("{2150E333-8FDC-42A3-9474-1A3956D46DE8}") = "for_common", "for_common", "{F75C32BA-9FB3-4617-B38F-B3209CBA1CAF}"
EndProject
Project("{9A19103F-16F7-4668-BE54-9A1E7A4F7556}") = "allpet.common", "allpet.common\allpet.common.csproj", "{4340CDF8-6902-4D5B-B96D-0FAE9F66DF05}"
EndProject
Project("{9A19103F-16F7-4668-BE54-9A1E7A4F7556}") = "allpet.module.node.test", "allpet.module.node.test\allpet.module.node.test.csproj", "{971015EA-C561-4A92-81CC-F5783F103632}"
EndProject
Project("{9A19103F-16F7-4668-BE54-9A1E7A4F7556}") = "allpet.module.node.test2", "allpet.module.node.test2\allpet.module.node.test2.csproj", "{19907B2B-1BA3-4468-B1BB-4D774B6E3837}"
EndProject
Project("{9A19103F-16F7-4668-BE54-9A1E7A4F7556}") = "allpet.module.rpc", "allpet.module.rpc\allpet.module.rpc.csproj", "{F92E9F8D-B6AB-4253-8310-051D9BCCDF39}"
EndProject
Project("{9A19103F-16F7-4668-BE54-9A1E7A4F7556}") = "allpet.moudle.node.Test3", "allpet.moudle.node.Test3\allpet.moudle.node.Test3.csproj", "{EBC025CE-86BC-4434-992C-535D67D22F39}"
EndProject
Project("{9A19103F-16F7-4668-BE54-9A1E7A4F7556}") = "allpet.peer.tcp.test", "allpet.peer.tcp.test\allpet.peer.tcp.test.csproj", "{1A09B35D-F7F2-4551-B25F-1C95E0FD38F1}"
EndProject
Project("{FAE04EC0-301F-11D3-BF4B-00C04F79EFBC}") = "allpet.module.node-rpc.test", "allpet.module.node-rpc.test\allpet.module.node-rpc.test.csproj", "{CB862E1A-749A-4367-B752-F1D253BD1E11}"
EndProject
Global
	GlobalSection(SolutionConfigurationPlatforms) = preSolution
		Debug|Any CPU = Debug|Any CPU
		Release|Any CPU = Release|Any CPU
	EndGlobalSection
	GlobalSection(ProjectConfigurationPlatforms) = postSolution
		{D46C7B2F-A5B7-46F2-B470-3F5A594EAF2B}.Debug|Any CPU.ActiveCfg = Debug|Any CPU
		{D46C7B2F-A5B7-46F2-B470-3F5A594EAF2B}.Debug|Any CPU.Build.0 = Debug|Any CPU
		{D46C7B2F-A5B7-46F2-B470-3F5A594EAF2B}.Release|Any CPU.ActiveCfg = Release|Any CPU
		{D46C7B2F-A5B7-46F2-B470-3F5A594EAF2B}.Release|Any CPU.Build.0 = Release|Any CPU
		{3CE2F925-B311-4BA5-B641-43121BBAA227}.Debug|Any CPU.ActiveCfg = Debug|Any CPU
		{3CE2F925-B311-4BA5-B641-43121BBAA227}.Debug|Any CPU.Build.0 = Debug|Any CPU
		{3CE2F925-B311-4BA5-B641-43121BBAA227}.Release|Any CPU.ActiveCfg = Release|Any CPU
		{3CE2F925-B311-4BA5-B641-43121BBAA227}.Release|Any CPU.Build.0 = Release|Any CPU
		{736A573C-1F2E-4157-B00E-22470A278595}.Debug|Any CPU.ActiveCfg = Debug|Any CPU
		{736A573C-1F2E-4157-B00E-22470A278595}.Debug|Any CPU.Build.0 = Debug|Any CPU
		{736A573C-1F2E-4157-B00E-22470A278595}.Release|Any CPU.ActiveCfg = Release|Any CPU
		{736A573C-1F2E-4157-B00E-22470A278595}.Release|Any CPU.Build.0 = Release|Any CPU
		{B05B4388-039E-4756-9942-6BFE799C9149}.Debug|Any CPU.ActiveCfg = Debug|Any CPU
		{B05B4388-039E-4756-9942-6BFE799C9149}.Debug|Any CPU.Build.0 = Debug|Any CPU
		{B05B4388-039E-4756-9942-6BFE799C9149}.Release|Any CPU.ActiveCfg = Release|Any CPU
		{B05B4388-039E-4756-9942-6BFE799C9149}.Release|Any CPU.Build.0 = Release|Any CPU
		{C29E3065-0809-4ABB-9134-BF98FD636C61}.Debug|Any CPU.ActiveCfg = Debug|Any CPU
		{C29E3065-0809-4ABB-9134-BF98FD636C61}.Debug|Any CPU.Build.0 = Debug|Any CPU
		{C29E3065-0809-4ABB-9134-BF98FD636C61}.Release|Any CPU.ActiveCfg = Release|Any CPU
		{C29E3065-0809-4ABB-9134-BF98FD636C61}.Release|Any CPU.Build.0 = Release|Any CPU
		{7B15FEDD-1406-4B71-BF37-ADFE0F4258C1}.Debug|Any CPU.ActiveCfg = Debug|Any CPU
		{7B15FEDD-1406-4B71-BF37-ADFE0F4258C1}.Debug|Any CPU.Build.0 = Debug|Any CPU
		{7B15FEDD-1406-4B71-BF37-ADFE0F4258C1}.Release|Any CPU.ActiveCfg = Release|Any CPU
		{7B15FEDD-1406-4B71-BF37-ADFE0F4258C1}.Release|Any CPU.Build.0 = Release|Any CPU
		{35EE8B32-90F0-48A4-ADDC-014DA88B0FF7}.Debug|Any CPU.ActiveCfg = Debug|Any CPU
		{35EE8B32-90F0-48A4-ADDC-014DA88B0FF7}.Debug|Any CPU.Build.0 = Debug|Any CPU
		{35EE8B32-90F0-48A4-ADDC-014DA88B0FF7}.Release|Any CPU.ActiveCfg = Release|Any CPU
		{35EE8B32-90F0-48A4-ADDC-014DA88B0FF7}.Release|Any CPU.Build.0 = Release|Any CPU
		{893245D1-4561-4DC6-B51D-E53FF9545745}.Debug|Any CPU.ActiveCfg = Debug|Any CPU
		{893245D1-4561-4DC6-B51D-E53FF9545745}.Debug|Any CPU.Build.0 = Debug|Any CPU
		{893245D1-4561-4DC6-B51D-E53FF9545745}.Release|Any CPU.ActiveCfg = Release|Any CPU
		{893245D1-4561-4DC6-B51D-E53FF9545745}.Release|Any CPU.Build.0 = Release|Any CPU
		{37B53F13-4C6B-4F90-9002-E9EDE0C910B5}.Debug|Any CPU.ActiveCfg = Debug|Any CPU
		{37B53F13-4C6B-4F90-9002-E9EDE0C910B5}.Debug|Any CPU.Build.0 = Debug|Any CPU
		{37B53F13-4C6B-4F90-9002-E9EDE0C910B5}.Release|Any CPU.ActiveCfg = Release|Any CPU
		{37B53F13-4C6B-4F90-9002-E9EDE0C910B5}.Release|Any CPU.Build.0 = Release|Any CPU
		{F79385F7-506F-4247-9388-47397E406FCC}.Debug|Any CPU.ActiveCfg = Debug|Any CPU
		{F79385F7-506F-4247-9388-47397E406FCC}.Debug|Any CPU.Build.0 = Debug|Any CPU
		{F79385F7-506F-4247-9388-47397E406FCC}.Release|Any CPU.ActiveCfg = Release|Any CPU
		{F79385F7-506F-4247-9388-47397E406FCC}.Release|Any CPU.Build.0 = Release|Any CPU
		{FD32A0DE-E7B9-4DD9-A942-D59814AE781A}.Debug|Any CPU.ActiveCfg = Debug|Any CPU
		{FD32A0DE-E7B9-4DD9-A942-D59814AE781A}.Debug|Any CPU.Build.0 = Debug|Any CPU
		{FD32A0DE-E7B9-4DD9-A942-D59814AE781A}.Release|Any CPU.ActiveCfg = Release|Any CPU
		{FD32A0DE-E7B9-4DD9-A942-D59814AE781A}.Release|Any CPU.Build.0 = Release|Any CPU
		{DEFDED6A-9DDF-4FFF-BCAB-DFF773429612}.Debug|Any CPU.ActiveCfg = Debug|Any CPU
		{DEFDED6A-9DDF-4FFF-BCAB-DFF773429612}.Debug|Any CPU.Build.0 = Debug|Any CPU
		{DEFDED6A-9DDF-4FFF-BCAB-DFF773429612}.Release|Any CPU.ActiveCfg = Release|Any CPU
		{DEFDED6A-9DDF-4FFF-BCAB-DFF773429612}.Release|Any CPU.Build.0 = Release|Any CPU
		{2FD36790-A9DA-44C0-9810-52D096ABDA7B}.Debug|Any CPU.ActiveCfg = Debug|Any CPU
		{2FD36790-A9DA-44C0-9810-52D096ABDA7B}.Debug|Any CPU.Build.0 = Debug|Any CPU
		{2FD36790-A9DA-44C0-9810-52D096ABDA7B}.Release|Any CPU.ActiveCfg = Release|Any CPU
		{2FD36790-A9DA-44C0-9810-52D096ABDA7B}.Release|Any CPU.Build.0 = Release|Any CPU
		{0FE136E3-3A83-4122-A9E0-C2B4CF3C5133}.Debug|Any CPU.ActiveCfg = Debug|Any CPU
		{0FE136E3-3A83-4122-A9E0-C2B4CF3C5133}.Debug|Any CPU.Build.0 = Debug|Any CPU
		{0FE136E3-3A83-4122-A9E0-C2B4CF3C5133}.Release|Any CPU.ActiveCfg = Release|Any CPU
		{0FE136E3-3A83-4122-A9E0-C2B4CF3C5133}.Release|Any CPU.Build.0 = Release|Any CPU
		{21E6BCF1-B6A2-4ADC-9A22-CB46B936E7FE}.Debug|Any CPU.ActiveCfg = Debug|Any CPU
		{21E6BCF1-B6A2-4ADC-9A22-CB46B936E7FE}.Debug|Any CPU.Build.0 = Debug|Any CPU
		{21E6BCF1-B6A2-4ADC-9A22-CB46B936E7FE}.Release|Any CPU.ActiveCfg = Release|Any CPU
		{21E6BCF1-B6A2-4ADC-9A22-CB46B936E7FE}.Release|Any CPU.Build.0 = Release|Any CPU
		{4340CDF8-6902-4D5B-B96D-0FAE9F66DF05}.Debug|Any CPU.ActiveCfg = Debug|Any CPU
		{4340CDF8-6902-4D5B-B96D-0FAE9F66DF05}.Debug|Any CPU.Build.0 = Debug|Any CPU
		{4340CDF8-6902-4D5B-B96D-0FAE9F66DF05}.Release|Any CPU.ActiveCfg = Release|Any CPU
		{4340CDF8-6902-4D5B-B96D-0FAE9F66DF05}.Release|Any CPU.Build.0 = Release|Any CPU
		{971015EA-C561-4A92-81CC-F5783F103632}.Debug|Any CPU.ActiveCfg = Debug|Any CPU
		{971015EA-C561-4A92-81CC-F5783F103632}.Debug|Any CPU.Build.0 = Debug|Any CPU
		{971015EA-C561-4A92-81CC-F5783F103632}.Release|Any CPU.ActiveCfg = Release|Any CPU
		{971015EA-C561-4A92-81CC-F5783F103632}.Release|Any CPU.Build.0 = Release|Any CPU
		{19907B2B-1BA3-4468-B1BB-4D774B6E3837}.Debug|Any CPU.ActiveCfg = Debug|Any CPU
		{19907B2B-1BA3-4468-B1BB-4D774B6E3837}.Debug|Any CPU.Build.0 = Debug|Any CPU
		{19907B2B-1BA3-4468-B1BB-4D774B6E3837}.Release|Any CPU.ActiveCfg = Release|Any CPU
		{19907B2B-1BA3-4468-B1BB-4D774B6E3837}.Release|Any CPU.Build.0 = Release|Any CPU
		{F92E9F8D-B6AB-4253-8310-051D9BCCDF39}.Debug|Any CPU.ActiveCfg = Debug|Any CPU
		{F92E9F8D-B6AB-4253-8310-051D9BCCDF39}.Debug|Any CPU.Build.0 = Debug|Any CPU
		{F92E9F8D-B6AB-4253-8310-051D9BCCDF39}.Release|Any CPU.ActiveCfg = Release|Any CPU
		{F92E9F8D-B6AB-4253-8310-051D9BCCDF39}.Release|Any CPU.Build.0 = Release|Any CPU
		{EBC025CE-86BC-4434-992C-535D67D22F39}.Debug|Any CPU.ActiveCfg = Debug|Any CPU
		{EBC025CE-86BC-4434-992C-535D67D22F39}.Debug|Any CPU.Build.0 = Debug|Any CPU
		{EBC025CE-86BC-4434-992C-535D67D22F39}.Release|Any CPU.ActiveCfg = Release|Any CPU
		{EBC025CE-86BC-4434-992C-535D67D22F39}.Release|Any CPU.Build.0 = Release|Any CPU
		{1A09B35D-F7F2-4551-B25F-1C95E0FD38F1}.Debug|Any CPU.ActiveCfg = Debug|Any CPU
		{1A09B35D-F7F2-4551-B25F-1C95E0FD38F1}.Debug|Any CPU.Build.0 = Debug|Any CPU
		{1A09B35D-F7F2-4551-B25F-1C95E0FD38F1}.Release|Any CPU.ActiveCfg = Release|Any CPU
		{1A09B35D-F7F2-4551-B25F-1C95E0FD38F1}.Release|Any CPU.Build.0 = Release|Any CPU
		{CB862E1A-749A-4367-B752-F1D253BD1E11}.Debug|Any CPU.ActiveCfg = Debug|Any CPU
		{CB862E1A-749A-4367-B752-F1D253BD1E11}.Debug|Any CPU.Build.0 = Debug|Any CPU
		{CB862E1A-749A-4367-B752-F1D253BD1E11}.Release|Any CPU.ActiveCfg = Release|Any CPU
		{CB862E1A-749A-4367-B752-F1D253BD1E11}.Release|Any CPU.Build.0 = Release|Any CPU
	EndGlobalSection
	GlobalSection(SolutionProperties) = preSolution
		HideSolutionNode = FALSE
	EndGlobalSection
	GlobalSection(NestedProjects) = preSolution
		{3CE2F925-B311-4BA5-B641-43121BBAA227} = {F75C32BA-9FB3-4617-B38F-B3209CBA1CAF}
		{736A573C-1F2E-4157-B00E-22470A278595} = {F75C32BA-9FB3-4617-B38F-B3209CBA1CAF}
		{B05B4388-039E-4756-9942-6BFE799C9149} = {F75C32BA-9FB3-4617-B38F-B3209CBA1CAF}
		{C29E3065-0809-4ABB-9134-BF98FD636C61} = {A95C0306-4D5C-4593-8B85-C2708E07467E}
		{7B15FEDD-1406-4B71-BF37-ADFE0F4258C1} = {A95C0306-4D5C-4593-8B85-C2708E07467E}
		{35EE8B32-90F0-48A4-ADDC-014DA88B0FF7} = {F75C32BA-9FB3-4617-B38F-B3209CBA1CAF}
		{893245D1-4561-4DC6-B51D-E53FF9545745} = {F75C32BA-9FB3-4617-B38F-B3209CBA1CAF}
		{37B53F13-4C6B-4F90-9002-E9EDE0C910B5} = {F75C32BA-9FB3-4617-B38F-B3209CBA1CAF}
		{F79385F7-506F-4247-9388-47397E406FCC} = {A95C0306-4D5C-4593-8B85-C2708E07467E}
		{FD32A0DE-E7B9-4DD9-A942-D59814AE781A} = {A95C0306-4D5C-4593-8B85-C2708E07467E}
		{1E8B2A67-DC94-46E5-B970-BE0FE3A0B7C2} = {A95C0306-4D5C-4593-8B85-C2708E07467E}
		{DEFDED6A-9DDF-4FFF-BCAB-DFF773429612} = {1E8B2A67-DC94-46E5-B970-BE0FE3A0B7C2}
		{2FD36790-A9DA-44C0-9810-52D096ABDA7B} = {1E8B2A67-DC94-46E5-B970-BE0FE3A0B7C2}
		{0FE136E3-3A83-4122-A9E0-C2B4CF3C5133} = {1E8B2A67-DC94-46E5-B970-BE0FE3A0B7C2}
		{21E6BCF1-B6A2-4ADC-9A22-CB46B936E7FE} = {19DB98B8-E6CD-4BF5-A93C-033E07158437}
		{4340CDF8-6902-4D5B-B96D-0FAE9F66DF05} = {F75C32BA-9FB3-4617-B38F-B3209CBA1CAF}
		{971015EA-C561-4A92-81CC-F5783F103632} = {A95C0306-4D5C-4593-8B85-C2708E07467E}
		{19907B2B-1BA3-4468-B1BB-4D774B6E3837} = {A95C0306-4D5C-4593-8B85-C2708E07467E}
		{F92E9F8D-B6AB-4253-8310-051D9BCCDF39} = {A95C0306-4D5C-4593-8B85-C2708E07467E}
		{EBC025CE-86BC-4434-992C-535D67D22F39} = {19DB98B8-E6CD-4BF5-A93C-033E07158437}
		{1A09B35D-F7F2-4551-B25F-1C95E0FD38F1} = {F75C32BA-9FB3-4617-B38F-B3209CBA1CAF}
		{CB862E1A-749A-4367-B752-F1D253BD1E11} = {19DB98B8-E6CD-4BF5-A93C-033E07158437}
	EndGlobalSection
	GlobalSection(ExtensibilityGlobals) = postSolution
		SolutionGuid = {FD701AF9-F9D8-4D2B-A1C1-C7DB3265A6E5}
	EndGlobalSection
EndGlobal
